lockfileVersion: '9.0'

settings:
  autoInstallPeers: true
  excludeLinksFromLockfile: false

importers:

  .:
    dependencies:
      '@openrouter/sdk':
        specifier: ^0.8.0
        version: 0.8.0

packages:

  '@openrouter/sdk@0.8.0':
    resolution: {integrity: sha512-hmCY5CE/adBmwZmrwuSx7Pw5UngcyuA9FvgpouyWEX8m283omLD1BqJlYYkLdVoUdI8iGNFHKezH2CeJqsVymw==}

  zod@3.25.56:
    resolution: {integrity: sha512-rd6eEF3BTNvQnR2e2wwolfTmUTnp70aUTqr0oaGbHifzC3BKJsoV+Gat8vxUMR1hwOKBs6El+qWehrHbCpW6SQ==}

snapshots:

  '@openrouter/sdk@0.8.0':
    dependencies:
      zod: 3.25.56

  zod@3.25.56: {}
